
Microsoft Visual Studio Solution File, Format Version 12.00
# Visual Studio Version 16
VisualStudioVersion = 16.0.31229.75
MinimumVisualStudioVersion = 10.0.40219.1
Project("{9A19103F-16F7-4668-BE54-9A1E7A4F7556}") = "poc.aot.parsing", "poc.aot.parsing\poc.aot.parsing.csproj", "{7B6ABA1D-E784-4955-8321-25F18F40BEBE}"
EndProject
Project("{9A19103F-16F7-4668-BE54-9A1E7A4F7556}") = "poc.aot.srcgen", "srcgen\poc.aot.srcgen.csproj", "{02601A85-2832-4D09-ABE8-13753A8961AB}"
EndProject
Project("{FAE04EC0-301F-11D3-BF4B-00C04F79EFBC}") = "poc.njsonschema.gen", "poc.njsonschema.gen\poc.njsonschema.gen.csproj", "{F56DF8A1-55A2-4364-BFD5-BA31948B7C50}"
EndProject
Global
	GlobalSection(SolutionConfigurationPlatforms) = preSolution
		Debug|Any CPU = Debug|Any CPU
		Release|Any CPU = Release|Any CPU
	EndGlobalSection
	GlobalSection(ProjectConfigurationPlatforms) = postSolution
		{7B6ABA1D-E784-4955-8321-25F18F40BEBE}.Debug|Any CPU.ActiveCfg = Debug|Any CPU
		{7B6ABA1D-E784-4955-8321-25F18F40BEBE}.Debug|Any CPU.Build.0 = Debug|Any CPU
		{7B6ABA1D-E784-4955-8321-25F18F40BEBE}.Release|Any CPU.ActiveCfg = Release|Any CPU
		{7B6ABA1D-E784-4955-8321-25F18F40BEBE}.Release|Any CPU.Build.0 = Release|Any CPU
		{02601A85-2832-4D09-ABE8-13753A8961AB}.Debug|Any CPU.ActiveCfg = Debug|Any CPU
		{02601A85-2832-4D09-ABE8-13753A8961AB}.Debug|Any CPU.Build.0 = Debug|Any CPU
		{02601A85-2832-4D09-ABE8-13753A8961AB}.Release|Any CPU.ActiveCfg = Release|Any CPU
		{02601A85-2832-4D09-ABE8-13753A8961AB}.Release|Any CPU.Build.0 = Release|Any CPU
		{F56DF8A1-55A2-4364-BFD5-BA31948B7C50}.Debug|Any CPU.ActiveCfg = Debug|Any CPU
		{F56DF8A1-55A2-4364-BFD5-BA31948B7C50}.Debug|Any CPU.Build.0 = Debug|Any CPU
		{F56DF8A1-55A2-4364-BFD5-BA31948B7C50}.Release|Any CPU.ActiveCfg = Release|Any CPU
		{F56DF8A1-55A2-4364-BFD5-BA31948B7C50}.Release|Any CPU.Build.0 = Release|Any CPU
	EndGlobalSection
	GlobalSection(SolutionProperties) = preSolution
		HideSolutionNode = FALSE
	EndGlobalSection
	GlobalSection(ExtensibilityGlobals) = postSolution
		SolutionGuid = {F08E9982-5309-499C-975D-4FE000290E34}
	EndGlobalSection
EndGlobal
